
Microsoft Visual Studio Solution File, Format Version 12.00
# Visual Studio Version 17
VisualStudioVersion = 17.6.33723.286
MinimumVisualStudioVersion = 10.0.40219.1
Project("{FAE04EC0-301F-11D3-BF4B-00C04F79EFBC}") = "LoggingDemo", "LoggingDemo\LoggingDemo.csproj", "{D768EBEC-8BCA-44C4-A898-AAD97DD2D394}"
EndProject
Global
	GlobalSection(SolutionConfigurationPlatforms) = preSolution
		Debug|Any CPU = Debug|Any CPU
		Release|Any CPU = Release|Any CPU
	EndGlobalSection
	GlobalSection(ProjectConfigurationPlatforms) = postSolution
		{D768EBEC-8BCA-44C4-A898-AAD97DD2D394}.Debug|Any CPU.ActiveCfg = Debug|Any CPU
		{D768EBEC-8BCA-44C4-A898-AAD97DD2D394}.Debug|Any CPU.Build.0 = Debug|Any CPU
		{D768EBEC-8BCA-44C4-A898-AAD97DD2D394}.Release|Any CPU.ActiveCfg = Release|Any CPU
		{D768EBEC-8BCA-44C4-A898-AAD97DD2D394}.Release|Any CPU.Build.0 = Release|Any CPU
	EndGlobalSection
	GlobalSection(SolutionProperties) = preSolution
		HideSolutionNode = FALSE
	EndGlobalSection
	GlobalSection(ExtensibilityGlobals) = postSolution
		SolutionGuid = {092D53C8-E833-497F-A255-DB14E3B885B8}
	EndGlobalSection
EndGlobal
